// !$*UTF8*$!
{
	archiveVersion = 1;
	classes = {
	};
	objectVersion = 46;
	objects = {

/* Begin PBXBuildFile section */
		A6DE24F611412D4FEDF7F37F /* libPods-AppCardManager.a in Frameworks */ = {isa = PBXBuildFile; fileRef = 29FD570E4452D610B8BCD2D7 /* libPods-AppCardManager.a */; };
		AF0342661E95600100A488AC /* CMLoginView.m in Sources */ = {isa = PBXBuildFile; fileRef = AF6BA8241E955D8800867C48 /* CMLoginView.m */; };
		AF03426B1E959A6A00A488AC /* CMAdditions.m in Sources */ = {isa = PBXBuildFile; fileRef = AF03426A1E95993500A488AC /* CMAdditions.m */; };
		AFD937AB1E96797100C9659D /* CMHTTPSessionProvider.m in Sources */ = {isa = PBXBuildFile; fileRef = AFD937AA1E96797100C9659D /* CMHTTPSessionProvider.m */; };
		AFD937AF1E96A42100C9659D /* CMUser.m in Sources */ = {isa = PBXBuildFile; fileRef = AFD937AE1E96A42100C9659D /* CMUser.m */; };
		AFD937B21E96A5CF00C9659D /* CMUserBO.m in Sources */ = {isa = PBXBuildFile; fileRef = AFD937B11E96A5CF00C9659D /* CMUserBO.m */; };
		AFD937B51E96A5F800C9659D /* CMLoginManager.m in Sources */ = {isa = PBXBuildFile; fileRef = AFD937B41E96A5F800C9659D /* CMLoginManager.m */; };
		AFD937B81E96ADF600C9659D /* CMExtract.m in Sources */ = {isa = PBXBuildFile; fileRef = AFD937B71E96ADF600C9659D /* CMExtract.m */; };
		AFD937BB1E96AE0500C9659D /* CMCard.m in Sources */ = {isa = PBXBuildFile; fileRef = AFD937BA1E96AE0500C9659D /* CMCard.m */; };
		AFD937BF1E98141600C9659D /* CMSingletonUser.m in Sources */ = {isa = PBXBuildFile; fileRef = AFD937BE1E98141600C9659D /* CMSingletonUser.m */; };
		AFDE944E1E9400DE00795265 /* main.m in Sources */ = {isa = PBXBuildFile; fileRef = AFDE944D1E9400DE00795265 /* main.m */; };
		AFDE94511E9400DE00795265 /* AppDelegate.m in Sources */ = {isa = PBXBuildFile; fileRef = AFDE94501E9400DE00795265 /* AppDelegate.m */; };
		AFDE94541E9400DE00795265 /* CMLoginViewController.m in Sources */ = {isa = PBXBuildFile; fileRef = AFDE94531E9400DE00795265 /* CMLoginViewController.m */; };
		AFDE94571E9400DE00795265 /* Main.storyboard in Resources */ = {isa = PBXBuildFile; fileRef = AFDE94551E9400DE00795265 /* Main.storyboard */; };
		AFDE94591E9400DE00795265 /* Assets.xcassets in Resources */ = {isa = PBXBuildFile; fileRef = AFDE94581E9400DE00795265 /* Assets.xcassets */; };
		AFDE945C1E9400DE00795265 /* LaunchScreen.storyboard in Resources */ = {isa = PBXBuildFile; fileRef = AFDE945A1E9400DE00795265 /* LaunchScreen.storyboard */; };
		AFDE94661E9473C600795265 /* CMValidators.m in Sources */ = {isa = PBXBuildFile; fileRef = AFDE94651E9473C600795265 /* CMValidators.m */; };
		AFDE94691E9473E600795265 /* CMAlerts.m in Sources */ = {isa = PBXBuildFile; fileRef = AFDE94681E9473E600795265 /* CMAlerts.m */; };
/* End PBXBuildFile section */

/* Begin PBXFileReference section */
		1BC2C2D56742D5B5535680F2 /* Pods-AppCardManager.debug.xcconfig */ = {isa = PBXFileReference; includeInIndex = 1; lastKnownFileType = text.xcconfig; name = "Pods-AppCardManager.debug.xcconfig"; path = "Pods/Target Support Files/Pods-AppCardManager/Pods-AppCardManager.debug.xcconfig"; sourceTree = "<group>"; };
		29FD570E4452D610B8BCD2D7 /* libPods-AppCardManager.a */ = {isa = PBXFileReference; explicitFileType = archive.ar; includeInIndex = 0; path = "libPods-AppCardManager.a"; sourceTree = BUILT_PRODUCTS_DIR; };
		AF0342691E95993500A488AC /* CMAdditions.h */ = {isa = PBXFileReference; lastKnownFileType = sourcecode.c.h; path = CMAdditions.h; sourceTree = "<group>"; };
		AF03426A1E95993500A488AC /* CMAdditions.m */ = {isa = PBXFileReference; lastKnownFileType = sourcecode.c.objc; path = CMAdditions.m; sourceTree = "<group>"; };
		AF1439C0A53DFD5E5E03E265 /* Pods-AppCardManager.release.xcconfig */ = {isa = PBXFileReference; includeInIndex = 1; lastKnownFileType = text.xcconfig; name = "Pods-AppCardManager.release.xcconfig"; path = "Pods/Target Support Files/Pods-AppCardManager/Pods-AppCardManager.release.xcconfig"; sourceTree = "<group>"; };
		AF6BA8231E955D8800867C48 /* CMLoginView.h */ = {isa = PBXFileReference; lastKnownFileType = sourcecode.c.h; path = CMLoginView.h; sourceTree = "<group>"; };
		AF6BA8241E955D8800867C48 /* CMLoginView.m */ = {isa = PBXFileReference; lastKnownFileType = sourcecode.c.objc; path = CMLoginView.m; sourceTree = "<group>"; };
		AFD937A91E96797100C9659D /* CMHTTPSessionProvider.h */ = {isa = PBXFileReference; fileEncoding = 4; lastKnownFileType = sourcecode.c.h; path = CMHTTPSessionProvider.h; sourceTree = "<group>"; };
		AFD937AA1E96797100C9659D /* CMHTTPSessionProvider.m */ = {isa = PBXFileReference; fileEncoding = 4; lastKnownFileType = sourcecode.c.objc; path = CMHTTPSessionProvider.m; sourceTree = "<group>"; };
		AFD937AD1E96A42100C9659D /* CMUser.h */ = {isa = PBXFileReference; fileEncoding = 4; lastKnownFileType = sourcecode.c.h; path = CMUser.h; sourceTree = "<group>"; };
		AFD937AE1E96A42100C9659D /* CMUser.m */ = {isa = PBXFileReference; fileEncoding = 4; lastKnownFileType = sourcecode.c.objc; path = CMUser.m; sourceTree = "<group>"; };
		AFD937B01E96A5CF00C9659D /* CMUserBO.h */ = {isa = PBXFileReference; fileEncoding = 4; lastKnownFileType = sourcecode.c.h; path = CMUserBO.h; sourceTree = "<group>"; };
		AFD937B11E96A5CF00C9659D /* CMUserBO.m */ = {isa = PBXFileReference; fileEncoding = 4; lastKnownFileType = sourcecode.c.objc; path = CMUserBO.m; sourceTree = "<group>"; };
		AFD937B31E96A5F800C9659D /* CMLoginManager.h */ = {isa = PBXFileReference; fileEncoding = 4; lastKnownFileType = sourcecode.c.h; path = CMLoginManager.h; sourceTree = "<group>"; };
		AFD937B41E96A5F800C9659D /* CMLoginManager.m */ = {isa = PBXFileReference; fileEncoding = 4; lastKnownFileType = sourcecode.c.objc; path = CMLoginManager.m; sourceTree = "<group>"; };
		AFD937B61E96ADF600C9659D /* CMExtract.h */ = {isa = PBXFileReference; fileEncoding = 4; lastKnownFileType = sourcecode.c.h; path = CMExtract.h; sourceTree = "<group>"; };
		AFD937B71E96ADF600C9659D /* CMExtract.m */ = {isa = PBXFileReference; fileEncoding = 4; lastKnownFileType = sourcecode.c.objc; path = CMExtract.m; sourceTree = "<group>"; };
		AFD937B91E96AE0500C9659D /* CMCard.h */ = {isa = PBXFileReference; fileEncoding = 4; lastKnownFileType = sourcecode.c.h; path = CMCard.h; sourceTree = "<group>"; };
		AFD937BA1E96AE0500C9659D /* CMCard.m */ = {isa = PBXFileReference; fileEncoding = 4; lastKnownFileType = sourcecode.c.objc; path = CMCard.m; sourceTree = "<group>"; };
		AFD937BD1E98141600C9659D /* CMSingletonUser.h */ = {isa = PBXFileReference; fileEncoding = 4; lastKnownFileType = sourcecode.c.h; path = CMSingletonUser.h; sourceTree = "<group>"; };
		AFD937BE1E98141600C9659D /* CMSingletonUser.m */ = {isa = PBXFileReference; fileEncoding = 4; lastKnownFileType = sourcecode.c.objc; path = CMSingletonUser.m; sourceTree = "<group>"; };
		AFDE94491E9400DE00795265 /* AppCardManager.app */ = {isa = PBXFileReference; explicitFileType = wrapper.application; includeInIndex = 0; path = AppCardManager.app; sourceTree = BUILT_PRODUCTS_DIR; };
		AFDE944D1E9400DE00795265 /* main.m */ = {isa = PBXFileReference; lastKnownFileType = sourcecode.c.objc; path = main.m; sourceTree = "<group>"; };
		AFDE944F1E9400DE00795265 /* AppDelegate.h */ = {isa = PBXFileReference; lastKnownFileType = sourcecode.c.h; path = AppDelegate.h; sourceTree = "<group>"; };
		AFDE94501E9400DE00795265 /* AppDelegate.m */ = {isa = PBXFileReference; lastKnownFileType = sourcecode.c.objc; path = AppDelegate.m; sourceTree = "<group>"; };
		AFDE94521E9400DE00795265 /* CMLoginViewController.h */ = {isa = PBXFileReference; lastKnownFileType = sourcecode.c.h; path = CMLoginViewController.h; sourceTree = "<group>"; };
		AFDE94531E9400DE00795265 /* CMLoginViewController.m */ = {isa = PBXFileReference; lastKnownFileType = sourcecode.c.objc; path = CMLoginViewController.m; sourceTree = "<group>"; };
		AFDE94561E9400DE00795265 /* Base */ = {isa = PBXFileReference; lastKnownFileType = file.storyboard; name = Base; path = Base.lproj/Main.storyboard; sourceTree = "<group>"; };
		AFDE94581E9400DE00795265 /* Assets.xcassets */ = {isa = PBXFileReference; lastKnownFileType = folder.assetcatalog; path = Assets.xcassets; sourceTree = "<group>"; };
		AFDE945B1E9400DE00795265 /* Base */ = {isa = PBXFileReference; lastKnownFileType = file.storyboard; name = Base; path = Base.lproj/LaunchScreen.storyboard; sourceTree = "<group>"; };
		AFDE945D1E9400DE00795265 /* Info.plist */ = {isa = PBXFileReference; lastKnownFileType = text.plist.xml; path = Info.plist; sourceTree = "<group>"; };
		AFDE94641E9473C600795265 /* CMValidators.h */ = {isa = PBXFileReference; fileEncoding = 4; lastKnownFileType = sourcecode.c.h; path = CMValidators.h; sourceTree = "<group>"; };
		AFDE94651E9473C600795265 /* CMValidators.m */ = {isa = PBXFileReference; fileEncoding = 4; lastKnownFileType = sourcecode.c.objc; path = CMValidators.m; sourceTree = "<group>"; };
		AFDE94671E9473E600795265 /* CMAlerts.h */ = {isa = PBXFileReference; fileEncoding = 4; lastKnownFileType = sourcecode.c.h; path = CMAlerts.h; sourceTree = "<group>"; };
		AFDE94681E9473E600795265 /* CMAlerts.m */ = {isa = PBXFileReference; fileEncoding = 4; lastKnownFileType = sourcecode.c.objc; path = CMAlerts.m; sourceTree = "<group>"; };
/* End PBXFileReference section */

/* Begin PBXFrameworksBuildPhase section */
		AFDE94461E9400DE00795265 /* Frameworks */ = {
			isa = PBXFrameworksBuildPhase;
			buildActionMask = 2147483647;
			files = (
				A6DE24F611412D4FEDF7F37F /* libPods-AppCardManager.a in Frameworks */,
			);
			runOnlyForDeploymentPostprocessing = 0;
		};
/* End PBXFrameworksBuildPhase section */

/* Begin PBXGroup section */
		3037F7D7EE04A55215FAA703 /* Frameworks */ = {
			isa = PBXGroup;
			children = (
				29FD570E4452D610B8BCD2D7 /* libPods-AppCardManager.a */,
			);
			name = Frameworks;
			sourceTree = "<group>";
		};
		9A0024F9FA9BC8CC2F91F7E4 /* Pods */ = {
			isa = PBXGroup;
			children = (
				1BC2C2D56742D5B5535680F2 /* Pods-AppCardManager.debug.xcconfig */,
				AF1439C0A53DFD5E5E03E265 /* Pods-AppCardManager.release.xcconfig */,
			);
			name = Pods;
			sourceTree = "<group>";
		};
		AFD937A81E96790900C9659D /* Provider */ = {
			isa = PBXGroup;
			children = (
				AFD937A91E96797100C9659D /* CMHTTPSessionProvider.h */,
				AFD937AA1E96797100C9659D /* CMHTTPSessionProvider.m */,
			);
			path = Provider;
			sourceTree = "<group>";
		};
		AFD937AC1E96A3D300C9659D /* Model */ = {
			isa = PBXGroup;
			children = (
				AFD937B91E96AE0500C9659D /* CMCard.h */,
				AFD937BA1E96AE0500C9659D /* CMCard.m */,
				AFD937B61E96ADF600C9659D /* CMExtract.h */,
				AFD937B71E96ADF600C9659D /* CMExtract.m */,
				AFD937BD1E98141600C9659D /* CMSingletonUser.h */,
				AFD937BE1E98141600C9659D /* CMSingletonUser.m */,
				AFD937AD1E96A42100C9659D /* CMUser.h */,
				AFD937AE1E96A42100C9659D /* CMUser.m */,
			);
			path = Model;
			sourceTree = "<group>";
		};
		AFDE94401E9400DE00795265 = {
			isa = PBXGroup;
			children = (
				AFDE944B1E9400DE00795265 /* AppCardManager */,
				3037F7D7EE04A55215FAA703 /* Frameworks */,
				9A0024F9FA9BC8CC2F91F7E4 /* Pods */,
				AFDE944A1E9400DE00795265 /* Products */,
			);
			sourceTree = "<group>";
		};
		AFDE944A1E9400DE00795265 /* Products */ = {
			isa = PBXGroup;
			children = (
				AFDE94491E9400DE00795265 /* AppCardManager.app */,
			);
			name = Products;
			sourceTree = "<group>";
		};
		AFDE944B1E9400DE00795265 /* AppCardManager */ = {
			isa = PBXGroup;
			children = (
				AFFBE0801E9552E10046D0B9 /* Business */,
				AFFBE0821E95531E0046D0B9 /* Controllers */,
				AFFBE0831E9553940046D0B9 /* Infrastructure */,
				AFFBE07F1E9552D80046D0B9 /* Manager */,
				AFD937AC1E96A3D300C9659D /* Model */,
				AFD937A81E96790900C9659D /* Provider */,
				AFFBE0841E9554410046D0B9 /* Storyboards */,
				AFFBE07E1E954DF10046D0B9 /* Utils */,
				AFFBE0811E9552EF0046D0B9 /* Views */,
				AFDE94581E9400DE00795265 /* Assets.xcassets */,
			);
			path = AppCardManager;
			sourceTree = "<group>";
		};
		AFFBE07E1E954DF10046D0B9 /* Utils */ = {
			isa = PBXGroup;
			children = (
				AF0342691E95993500A488AC /* CMAdditions.h */,
				AF03426A1E95993500A488AC /* CMAdditions.m */,
				AFDE94671E9473E600795265 /* CMAlerts.h */,
				AFDE94681E9473E600795265 /* CMAlerts.m */,
				AFDE94641E9473C600795265 /* CMValidators.h */,
				AFDE94651E9473C600795265 /* CMValidators.m */,
			);
			path = Utils;
			sourceTree = "<group>";
		};
		AFFBE07F1E9552D80046D0B9 /* Manager */ = {
			isa = PBXGroup;
			children = (
				AFD937B31E96A5F800C9659D /* CMLoginManager.h */,
				AFD937B41E96A5F800C9659D /* CMLoginManager.m */,
			);
			path = Manager;
			sourceTree = "<group>";
		};
		AFFBE0801E9552E10046D0B9 /* Business */ = {
			isa = PBXGroup;
			children = (
				AFD937B01E96A5CF00C9659D /* CMUserBO.h */,
				AFD937B11E96A5CF00C9659D /* CMUserBO.m */,
			);
			path = Business;
			sourceTree = "<group>";
		};
		AFFBE0811E9552EF0046D0B9 /* Views */ = {
			isa = PBXGroup;
			children = (
				AF6BA8231E955D8800867C48 /* CMLoginView.h */,
				AF6BA8241E955D8800867C48 /* CMLoginView.m */,
			);
			path = Views;
			sourceTree = "<group>";
		};
		AFFBE0821E95531E0046D0B9 /* Controllers */ = {
			isa = PBXGroup;
			children = (
				AFDE94521E9400DE00795265 /* CMLoginViewController.h */,
				AFDE94531E9400DE00795265 /* CMLoginViewController.m */,
			);
			path = Controllers;
			sourceTree = "<group>";
		};
		AFFBE0831E9553940046D0B9 /* Infrastructure */ = {
			isa = PBXGroup;
			children = (
				AFDE944F1E9400DE00795265 /* AppDelegate.h */,
				AFDE94501E9400DE00795265 /* AppDelegate.m */,
				AFDE945D1E9400DE00795265 /* Info.plist */,
				AFDE944D1E9400DE00795265 /* main.m */,
			);
			path = Infrastructure;
			sourceTree = "<group>";
		};
		AFFBE0841E9554410046D0B9 /* Storyboards */ = {
			isa = PBXGroup;
			children = (
				AFDE945A1E9400DE00795265 /* LaunchScreen.storyboard */,
				AFDE94551E9400DE00795265 /* Main.storyboard */,
			);
			path = Storyboards;
			sourceTree = "<group>";
		};
/* End PBXGroup section */

/* Begin PBXNativeTarget section */
		AFDE94481E9400DE00795265 /* AppCardManager */ = {
			isa = PBXNativeTarget;
			buildConfigurationList = AFDE94601E9400DE00795265 /* Build configuration list for PBXNativeTarget "AppCardManager" */;
			buildPhases = (
				3CFF38578B2FEF6BB39FB86B /* [CP] Check Pods Manifest.lock */,
				AFDE94451E9400DE00795265 /* Sources */,
				AFDE94461E9400DE00795265 /* Frameworks */,
				AFDE94471E9400DE00795265 /* Resources */,
				058971EC18C7F6498B88EDB7 /* [CP] Embed Pods Frameworks */,
				18CBC2B7516EDAC3474F328F /* [CP] Copy Pods Resources */,
			);
			buildRules = (
			);
			dependencies = (
			);
			name = AppCardManager;
			productName = AppCardManager;
			productReference = AFDE94491E9400DE00795265 /* AppCardManager.app */;
			productType = "com.apple.product-type.application";
		};
/* End PBXNativeTarget section */

/* Begin PBXProject section */
		AFDE94411E9400DE00795265 /* Project object */ = {
			isa = PBXProject;
			attributes = {
				CLASSPREFIX = CM;
				LastUpgradeCheck = 0730;
				ORGANIZATIONNAME = "Samuel Furtado e Silva";
				TargetAttributes = {
					AFDE94481E9400DE00795265 = {
						CreatedOnToolsVersion = 7.3.1;
					};
				};
			};
			buildConfigurationList = AFDE94441E9400DE00795265 /* Build configuration list for PBXProject "AppCardManager" */;
			compatibilityVersion = "Xcode 3.2";
			developmentRegion = English;
			hasScannedForEncodings = 0;
			knownRegions = (
				en,
				Base,
			);
			mainGroup = AFDE94401E9400DE00795265;
			productRefGroup = AFDE944A1E9400DE00795265 /* Products */;
			projectDirPath = "";
			projectRoot = "";
			targets = (
				AFDE94481E9400DE00795265 /* AppCardManager */,
			);
		};
/* End PBXProject section */

/* Begin PBXResourcesBuildPhase section */
		AFDE94471E9400DE00795265 /* Resources */ = {
			isa = PBXResourcesBuildPhase;
			buildActionMask = 2147483647;
			files = (
				AFDE945C1E9400DE00795265 /* LaunchScreen.storyboard in Resources */,
				AFDE94591E9400DE00795265 /* Assets.xcassets in Resources */,
				AFDE94571E9400DE00795265 /* Main.storyboard in Resources */,
			);
			runOnlyForDeploymentPostprocessing = 0;
		};
/* End PBXResourcesBuildPhase section */

/* Begin PBXShellScriptBuildPhase section */
		058971EC18C7F6498B88EDB7 /* [CP] Embed Pods Frameworks */ = {
			isa = PBXShellScriptBuildPhase;
			buildActionMask = 2147483647;
			files = (
			);
			inputPaths = (
			);
			name = "[CP] Embed Pods Frameworks";
			outputPaths = (
			);
			runOnlyForDeploymentPostprocessing = 0;
			shellPath = /bin/sh;
			shellScript = "\"${SRCROOT}/Pods/Target Support Files/Pods-AppCardManager/Pods-AppCardManager-frameworks.sh\"\n";
			showEnvVarsInLog = 0;
		};
		18CBC2B7516EDAC3474F328F /* [CP] Copy Pods Resources */ = {
			isa = PBXShellScriptBuildPhase;
			buildActionMask = 2147483647;
			files = (
			);
			inputPaths = (
			);
			name = "[CP] Copy Pods Resources";
			outputPaths = (
			);
			runOnlyForDeploymentPostprocessing = 0;
			shellPath = /bin/sh;
			shellScript = "\"${SRCROOT}/Pods/Target Support Files/Pods-AppCardManager/Pods-AppCardManager-resources.sh\"\n";
			showEnvVarsInLog = 0;
		};
		3CFF38578B2FEF6BB39FB86B /* [CP] Check Pods Manifest.lock */ = {
			isa = PBXShellScriptBuildPhase;
			buildActionMask = 2147483647;
			files = (
			);
			inputPaths = (
			);
			name = "[CP] Check Pods Manifest.lock";
			outputPaths = (
			);
			runOnlyForDeploymentPostprocessing = 0;
			shellPath = /bin/sh;
			shellScript = "diff \"${PODS_ROOT}/../Podfile.lock\" \"${PODS_ROOT}/Manifest.lock\" > /dev/null\nif [ $? != 0 ] ; then\n    # print error to STDERR\n    echo \"error: The sandbox is not in sync with the Podfile.lock. Run 'pod install' or update your CocoaPods installation.\" >&2\n    exit 1\nfi\n";
			showEnvVarsInLog = 0;
		};
/* End PBXShellScriptBuildPhase section */

/* Begin PBXSourcesBuildPhase section */
		AFDE94451E9400DE00795265 /* Sources */ = {
			isa = PBXSourcesBuildPhase;
			buildActionMask = 2147483647;
			files = (
				AF03426B1E959A6A00A488AC /* CMAdditions.m in Sources */,
				AFD937B21E96A5CF00C9659D /* CMUserBO.m in Sources */,
				AFD937AB1E96797100C9659D /* CMHTTPSessionProvider.m in Sources */,
				AF0342661E95600100A488AC /* CMLoginView.m in Sources */,
				AFDE94661E9473C600795265 /* CMValidators.m in Sources */,
				AFD937BB1E96AE0500C9659D /* CMCard.m in Sources */,
				AFD937B81E96ADF600C9659D /* CMExtract.m in Sources */,
				AFDE94541E9400DE00795265 /* CMLoginViewController.m in Sources */,
				AFDE94691E9473E600795265 /* CMAlerts.m in Sources */,
				AFD937B51E96A5F800C9659D /* CMLoginManager.m in Sources */,
				AFD937BF1E98141600C9659D /* CMSingletonUser.m in Sources */,
				AFDE94511E9400DE00795265 /* AppDelegate.m in Sources */,
				AFD937AF1E96A42100C9659D /* CMUser.m in Sources */,
				AFDE944E1E9400DE00795265 /* main.m in Sources */,
			);
			runOnlyForDeploymentPostprocessing = 0;
		};
/* End PBXSourcesBuildPhase section */

/* Begin PBXVariantGroup section */
		AFDE94551E9400DE00795265 /* Main.storyboard */ = {
			isa = PBXVariantGroup;
			children = (
				AFDE94561E9400DE00795265 /* Base */,
			);
			name = Main.storyboard;
			path = .;
			sourceTree = "<group>";
		};
		AFDE945A1E9400DE00795265 /* LaunchScreen.storyboard */ = {
			isa = PBXVariantGroup;
			children = (
				AFDE945B1E9400DE00795265 /* Base */,
			);
			name = LaunchScreen.storyboard;
			path = .;
			sourceTree = "<group>";
		};
/* End PBXVariantGroup section */

/* Begin XCBuildConfiguration section */
		AFDE945E1E9400DE00795265 /* Debug */ = {
			isa = XCBuildConfiguration;
			buildSettings = {
				ALWAYS_SEARCH_USER_PATHS = NO;
				CLANG_ANALYZER_NONNULL = YES;
				CLANG_CXX_LANGUAGE_STANDARD = "gnu++0x";
				CLANG_CXX_LIBRARY = "libc++";
				CLANG_ENABLE_MODULES = YES;
				CLANG_ENABLE_OBJC_ARC = YES;
				CLANG_WARN_BOOL_CONVERSION = YES;
				CLANG_WARN_CONSTANT_CONVERSION = YES;
				CLANG_WARN_DIRECT_OBJC_ISA_USAGE = YES_ERROR;
				CLANG_WARN_EMPTY_BODY = YES;
				CLANG_WARN_ENUM_CONVERSION = YES;
				CLANG_WARN_INT_CONVERSION = YES;
				CLANG_WARN_OBJC_ROOT_CLASS = YES_ERROR;
				CLANG_WARN_UNREACHABLE_CODE = YES;
				CLANG_WARN__DUPLICATE_METHOD_MATCH = YES;
				"CODE_SIGN_IDENTITY[sdk=iphoneos*]" = "iPhone Developer";
				COPY_PHASE_STRIP = NO;
				DEBUG_INFORMATION_FORMAT = dwarf;
				ENABLE_STRICT_OBJC_MSGSEND = YES;
				ENABLE_TESTABILITY = YES;
				GCC_C_LANGUAGE_STANDARD = gnu99;
				GCC_DYNAMIC_NO_PIC = NO;
				GCC_NO_COMMON_BLOCKS = YES;
				GCC_OPTIMIZATION_LEVEL = 0;
				GCC_PREPROCESSOR_DEFINITIONS = (
					"DEBUG=1",
					"$(inherited)",
				);
				GCC_WARN_64_TO_32_BIT_CONVERSION = YES;
				GCC_WARN_ABOUT_RETURN_TYPE = YES_ERROR;
				GCC_WARN_UNDECLARED_SELECTOR = YES;
				GCC_WARN_UNINITIALIZED_AUTOS = YES_AGGRESSIVE;
				GCC_WARN_UNUSED_FUNCTION = YES;
				GCC_WARN_UNUSED_VARIABLE = YES;
				IPHONEOS_DEPLOYMENT_TARGET = 9.3;
				MTL_ENABLE_DEBUG_INFO = YES;
				ONLY_ACTIVE_ARCH = YES;
				SDKROOT = iphoneos;
			};
			name = Debug;
		};
		AFDE945F1E9400DE00795265 /* Release */ = {
			isa = XCBuildConfiguration;
			buildSettings = {
				ALWAYS_SEARCH_USER_PATHS = NO;
				CLANG_ANALYZER_NONNULL = YES;
				CLANG_CXX_LANGUAGE_STANDARD = "gnu++0x";
				CLANG_CXX_LIBRARY = "libc++";
				CLANG_ENABLE_MODULES = YES;
				CLANG_ENABLE_OBJC_ARC = YES;
				CLANG_WARN_BOOL_CONVERSION = YES;
				CLANG_WARN_CONSTANT_CONVERSION = YES;
				CLANG_WARN_DIRECT_OBJC_ISA_USAGE = YES_ERROR;
				CLANG_WARN_EMPTY_BODY = YES;
				CLANG_WARN_ENUM_CONVERSION = YES;
				CLANG_WARN_INT_CONVERSION = YES;
				CLANG_WARN_OBJC_ROOT_CLASS = YES_ERROR;
				CLANG_WARN_UNREACHABLE_CODE = YES;
				CLANG_WARN__DUPLICATE_METHOD_MATCH = YES;
				"CODE_SIGN_IDENTITY[sdk=iphoneos*]" = "iPhone Developer";
				COPY_PHASE_STRIP = NO;
				DEBUG_INFORMATION_FORMAT = "dwarf-with-dsym";
				ENABLE_NS_ASSERTIONS = NO;
				ENABLE_STRICT_OBJC_MSGSEND = YES;
				GCC_C_LANGUAGE_STANDARD = gnu99;
				GCC_NO_COMMON_BLOCKS = YES;
				GCC_WARN_64_TO_32_BIT_CONVERSION = YES;
				GCC_WARN_ABOUT_RETURN_TYPE = YES_ERROR;
				GCC_WARN_UNDECLARED_SELECTOR = YES;
				GCC_WARN_UNINITIALIZED_AUTOS = YES_AGGRESSIVE;
				GCC_WARN_UNUSED_FUNCTION = YES;
				GCC_WARN_UNUSED_VARIABLE = YES;
				IPHONEOS_DEPLOYMENT_TARGET = 9.3;
				MTL_ENABLE_DEBUG_INFO = NO;
				SDKROOT = iphoneos;
				VALIDATE_PRODUCT = YES;
			};
			name = Release;
		};
		AFDE94611E9400DE00795265 /* Debug */ = {
			isa = XCBuildConfiguration;
			baseConfigurationReference = 1BC2C2D56742D5B5535680F2 /* Pods-AppCardManager.debug.xcconfig */;
			buildSettings = {
				ASSETCATALOG_COMPILER_APPICON_NAME = AppIcon;
				INFOPLIST_FILE = AppCardManager/Infrastructure/Info.plist;
				LD_RUNPATH_SEARCH_PATHS = "$(inherited) @executable_path/Frameworks";
				PRODUCT_BUNDLE_IDENTIFIER = br.com.tests.AppCardManager;
				PRODUCT_NAME = "$(TARGET_NAME)";
			};
			name = Debug;
		};
		AFDE94621E9400DE00795265 /* Release */ = {
			isa = XCBuildConfiguration;
			baseConfigurationReference = AF1439C0A53DFD5E5E03E265 /* Pods-AppCardManager.release.xcconfig */;
			buildSettings = {
				ASSETCATALOG_COMPILER_APPICON_NAME = AppIcon;
				INFOPLIST_FILE = AppCardManager/Infrastructure/Info.plist;
				LD_RUNPATH_SEARCH_PATHS = "$(inherited) @executable_path/Frameworks";
				PRODUCT_BUNDLE_IDENTIFIER = br.com.tests.AppCardManager;
				PRODUCT_NAME = "$(TARGET_NAME)";
			};
			name = Release;
		};
/* End XCBuildConfiguration section */

/* Begin XCConfigurationList section */
		AFDE94441E9400DE00795265 /* Build configuration list for PBXProject "AppCardManager" */ = {
			isa = XCConfigurationList;
			buildConfigurations = (
				AFDE945E1E9400DE00795265 /* Debug */,
				AFDE945F1E9400DE00795265 /* Release */,
			);
			defaultConfigurationIsVisible = 0;
			defaultConfigurationName = Release;
		};
		AFDE94601E9400DE00795265 /* Build configuration list for PBXNativeTarget "AppCardManager" */ = {
			isa = XCConfigurationList;
			buildConfigurations = (
				AFDE94611E9400DE00795265 /* Debug */,
				AFDE94621E9400DE00795265 /* Release */,
			);
			defaultConfigurationIsVisible = 0;
			defaultConfigurationName = Release;
		};
/* End XCConfigurationList section */
	};
	rootObject = AFDE94411E9400DE00795265 /* Project object */;
}
